
Microsoft Visual Studio Solution File, Format Version 12.00
# Visual Studio Version 16
VisualStudioVersion = 16.0.31112.23
MinimumVisualStudioVersion = 10.0.40219.1
Project("{FAE04EC0-301F-11D3-BF4B-00C04F79EFBC}") = "01-ByteBank", "01-ByteBank\01-ByteBank.csproj", "{34793556-1E5A-462B-8C19-58F142A25146}"
EndProject
Project("{FAE04EC0-301F-11D3-BF4B-00C04F79EFBC}") = "02-ByteBank", "02-ByteBank\02-ByteBank.csproj", "{7A8384C7-C056-4AEB-9184-9B676D98BE5E}"
EndProject
Project("{FAE04EC0-301F-11D3-BF4B-00C04F79EFBC}") = "03-ByteBank", "03-ByteBank\03-ByteBank.csproj", "{DBBEA4F3-6EA7-40F9-A8B4-1DF2F0D094C8}"
EndProject
Project("{FAE04EC0-301F-11D3-BF4B-00C04F79EFBC}") = "04-ByteBank", "04-ByteBank\04-ByteBank.csproj", "{5CC1FC7B-AFD6-48DB-8567-87ECB62504F2}"
EndProject
Project("{FAE04EC0-301F-11D3-BF4B-00C04F79EFBC}") = "06-ByteBank", "06-ByteBank\06-ByteBank.csproj", "{EC94B8DF-F456-4BF3-945C-088D6BFD7595}"
EndProject
Project("{FAE04EC0-301F-11D3-BF4B-00C04F79EFBC}") = "07-ByteBank", "07-ByteBank\07-ByteBank.csproj", "{6EB4EADE-0F97-4970-A9FD-981255B063F1}"
EndProject
Global
	GlobalSection(SolutionConfigurationPlatforms) = preSolution
		Debug|Any CPU = Debug|Any CPU
		Release|Any CPU = Release|Any CPU
	EndGlobalSection
	GlobalSection(ProjectConfigurationPlatforms) = postSolution
		{34793556-1E5A-462B-8C19-58F142A25146}.Debug|Any CPU.ActiveCfg = Debug|Any CPU
		{34793556-1E5A-462B-8C19-58F142A25146}.Debug|Any CPU.Build.0 = Debug|Any CPU
		{34793556-1E5A-462B-8C19-58F142A25146}.Release|Any CPU.ActiveCfg = Release|Any CPU
		{34793556-1E5A-462B-8C19-58F142A25146}.Release|Any CPU.Build.0 = Release|Any CPU
		{7A8384C7-C056-4AEB-9184-9B676D98BE5E}.Debug|Any CPU.ActiveCfg = Debug|Any CPU
		{7A8384C7-C056-4AEB-9184-9B676D98BE5E}.Debug|Any CPU.Build.0 = Debug|Any CPU
		{7A8384C7-C056-4AEB-9184-9B676D98BE5E}.Release|Any CPU.ActiveCfg = Release|Any CPU
		{7A8384C7-C056-4AEB-9184-9B676D98BE5E}.Release|Any CPU.Build.0 = Release|Any CPU
		{DBBEA4F3-6EA7-40F9-A8B4-1DF2F0D094C8}.Debug|Any CPU.ActiveCfg = Debug|Any CPU
		{DBBEA4F3-6EA7-40F9-A8B4-1DF2F0D094C8}.Debug|Any CPU.Build.0 = Debug|Any CPU
		{DBBEA4F3-6EA7-40F9-A8B4-1DF2F0D094C8}.Release|Any CPU.ActiveCfg = Release|Any CPU
		{DBBEA4F3-6EA7-40F9-A8B4-1DF2F0D094C8}.Release|Any CPU.Build.0 = Release|Any CPU
		{5CC1FC7B-AFD6-48DB-8567-87ECB62504F2}.Debug|Any CPU.ActiveCfg = Debug|Any CPU
		{5CC1FC7B-AFD6-48DB-8567-87ECB62504F2}.Debug|Any CPU.Build.0 = Debug|Any CPU
		{5CC1FC7B-AFD6-48DB-8567-87ECB62504F2}.Release|Any CPU.ActiveCfg = Release|Any CPU
		{5CC1FC7B-AFD6-48DB-8567-87ECB62504F2}.Release|Any CPU.Build.0 = Release|Any CPU
		{EC94B8DF-F456-4BF3-945C-088D6BFD7595}.Debug|Any CPU.ActiveCfg = Debug|Any CPU
		{EC94B8DF-F456-4BF3-945C-088D6BFD7595}.Debug|Any CPU.Build.0 = Debug|Any CPU
		{EC94B8DF-F456-4BF3-945C-088D6BFD7595}.Release|Any CPU.ActiveCfg = Release|Any CPU
		{EC94B8DF-F456-4BF3-945C-088D6BFD7595}.Release|Any CPU.Build.0 = Release|Any CPU
		{6EB4EADE-0F97-4970-A9FD-981255B063F1}.Debug|Any CPU.ActiveCfg = Debug|Any CPU
		{6EB4EADE-0F97-4970-A9FD-981255B063F1}.Debug|Any CPU.Build.0 = Debug|Any CPU
		{6EB4EADE-0F97-4970-A9FD-981255B063F1}.Release|Any CPU.ActiveCfg = Release|Any CPU
		{6EB4EADE-0F97-4970-A9FD-981255B063F1}.Release|Any CPU.Build.0 = Release|Any CPU
	EndGlobalSection
	GlobalSection(SolutionProperties) = preSolution
		HideSolutionNode = FALSE
	EndGlobalSection
	GlobalSection(ExtensibilityGlobals) = postSolution
		SolutionGuid = {0D55EE4E-F67A-4700-AE63-154416EE0440}
	EndGlobalSection
EndGlobal
